// !$*UTF8*$!
{
	archiveVersion = 1;
	classes = {
	};
	objectVersion = 51;
	objects = {

/* Begin PBXBuildFile section */
		952ACB8423E9CA8400D52AC9 /* OSLogDebugBehavior.swift in Sources */ = {isa = PBXBuildFile; fileRef = 952ACB8323E9CA8400D52AC9 /* OSLogDebugBehavior.swift */; };
		955DD34F22C20AB70031AD92 /* NetworkClient.swift in Sources */ = {isa = PBXBuildFile; fileRef = 955DD32522C20AB70031AD92 /* NetworkClient.swift */; };
		955DD35822C20AB70031AD92 /* URLRequest+Helpers.swift in Sources */ = {isa = PBXBuildFile; fileRef = 955DD33122C20AB70031AD92 /* URLRequest+Helpers.swift */; };
		955DD35922C20AB70031AD92 /* HTTPURLResponse+Helpers.swift in Sources */ = {isa = PBXBuildFile; fileRef = 955DD33222C20AB70031AD92 /* HTTPURLResponse+Helpers.swift */; };
		955DD35B22C20AB70031AD92 /* NetworkRequestBehavior.swift in Sources */ = {isa = PBXBuildFile; fileRef = 955DD33522C20AB70031AD92 /* NetworkRequestBehavior.swift */; };
		955DD35C22C20AB70031AD92 /* DebugBehavior.swift in Sources */ = {isa = PBXBuildFile; fileRef = 955DD33622C20AB70031AD92 /* DebugBehavior.swift */; };
		955DD35E22C20AB70031AD92 /* EndpointDescriptor.swift in Sources */ = {isa = PBXBuildFile; fileRef = 955DD33922C20AB70031AD92 /* EndpointDescriptor.swift */; };
		955DD35F22C20AB70031AD92 /* WWWFormRequestEncoder.swift in Sources */ = {isa = PBXBuildFile; fileRef = 955DD33B22C20AB70031AD92 /* WWWFormRequestEncoder.swift */; };
		955DD36022C20AB70031AD92 /* JSONRequestEncoder.swift in Sources */ = {isa = PBXBuildFile; fileRef = 955DD33C22C20AB70031AD92 /* JSONRequestEncoder.swift */; };
		955DD36122C20AB70031AD92 /* JSONResponseDecoder.swift in Sources */ = {isa = PBXBuildFile; fileRef = 955DD33D22C20AB70031AD92 /* JSONResponseDecoder.swift */; };
		955DD36222C20AB70031AD92 /* MultipartData.swift in Sources */ = {isa = PBXBuildFile; fileRef = 955DD33E22C20AB70031AD92 /* MultipartData.swift */; };
		955DD36322C20AB70031AD92 /* MultipartFormEncoder.swift in Sources */ = {isa = PBXBuildFile; fileRef = 955DD33F22C20AB70031AD92 /* MultipartFormEncoder.swift */; };
		955DD36422C20AB70031AD92 /* NetworkRequestEncoding.swift in Sources */ = {isa = PBXBuildFile; fileRef = 955DD34022C20AB70031AD92 /* NetworkRequestEncoding.swift */; };
		955DD36522C20AB70031AD92 /* NetworkResponseDecoding.swift in Sources */ = {isa = PBXBuildFile; fileRef = 955DD34122C20AB70031AD92 /* NetworkResponseDecoding.swift */; };
		955DD36622C20AB70031AD92 /* CodingError.swift in Sources */ = {isa = PBXBuildFile; fileRef = 955DD34222C20AB70031AD92 /* CodingError.swift */; };
		955DD36722C20AB70031AD92 /* NetworkClientImpl.swift in Sources */ = {isa = PBXBuildFile; fileRef = 955DD34322C20AB70031AD92 /* NetworkClientImpl.swift */; };
		955DD36822C20AB70031AD92 /* DefaultAuthorizationProvider.swift in Sources */ = {isa = PBXBuildFile; fileRef = 955DD34522C20AB70031AD92 /* DefaultAuthorizationProvider.swift */; };
		955DD36922C20AB70031AD92 /* AuthorizationProvider.swift in Sources */ = {isa = PBXBuildFile; fileRef = 955DD34622C20AB70031AD92 /* AuthorizationProvider.swift */; };
		955DD36A22C20AB70031AD92 /* NetworkError.swift in Sources */ = {isa = PBXBuildFile; fileRef = 955DD34722C20AB70031AD92 /* NetworkError.swift */; };
		955DD36C22C20AB70031AD92 /* HTTPStatusCodes+Extensions.swift in Sources */ = {isa = PBXBuildFile; fileRef = 955DD34C22C20AB70031AD92 /* HTTPStatusCodes+Extensions.swift */; };
		955DD36E22C20AB70031AD92 /* HTTPStatusCodes.swift in Sources */ = {isa = PBXBuildFile; fileRef = 955DD34E22C20AB70031AD92 /* HTTPStatusCodes.swift */; };
		955DD36F22C20BDA0031AD92 /* Network.h in Headers */ = {isa = PBXBuildFile; fileRef = 955DD33322C20AB70031AD92 /* Network.h */; settings = {ATTRIBUTES = (Public, ); }; };
		957FE6F422C2140400A11BC2 /* NetworkLoger.swift in Sources */ = {isa = PBXBuildFile; fileRef = 957FE6F322C2140400A11BC2 /* NetworkLoger.swift */; };
		957FE70322C214CA00A11BC2 /* NetworkTests.swift in Sources */ = {isa = PBXBuildFile; fileRef = 957FE6FE22C214CA00A11BC2 /* NetworkTests.swift */; };
		95A7656222D5D1A6008658AA /* ConstantsKeys.swift in Sources */ = {isa = PBXBuildFile; fileRef = 95A7656122D5D1A6008658AA /* ConstantsKeys.swift */; };
		95FE75FF2379AE5A00F506E3 /* BackgroundSessionDelegateProvider.swift in Sources */ = {isa = PBXBuildFile; fileRef = 95FE75FE2379AE5A00F506E3 /* BackgroundSessionDelegateProvider.swift */; };
		E0FD11E721477A5F008C2EF8 /* NetworkFramework.framework in Frameworks */ = {isa = PBXBuildFile; fileRef = E0FD11DD21477A5F008C2EF8 /* NetworkFramework.framework */; };
/* End PBXBuildFile section */

/* Begin PBXContainerItemProxy section */
		E0FD11E821477A5F008C2EF8 /* PBXContainerItemProxy */ = {
			isa = PBXContainerItemProxy;
			containerPortal = E0FD11D421477A5F008C2EF8 /* Project object */;
			proxyType = 1;
			remoteGlobalIDString = E0FD11DC21477A5F008C2EF8;
			remoteInfo = Core;
		};
/* End PBXContainerItemProxy section */

/* Begin PBXFileReference section */
		952ACB8323E9CA8400D52AC9 /* OSLogDebugBehavior.swift */ = {isa = PBXFileReference; lastKnownFileType = sourcecode.swift; path = OSLogDebugBehavior.swift; sourceTree = "<group>"; };
		955DD32522C20AB70031AD92 /* NetworkClient.swift */ = {isa = PBXFileReference; fileEncoding = 4; lastKnownFileType = sourcecode.swift; path = NetworkClient.swift; sourceTree = "<group>"; };
		955DD32822C20AB70031AD92 /* ReleaseTest.xcconfig */ = {isa = PBXFileReference; fileEncoding = 4; lastKnownFileType = text.xcconfig; path = ReleaseTest.xcconfig; sourceTree = "<group>"; };
		955DD32922C20AB70031AD92 /* Shared.xcconfig */ = {isa = PBXFileReference; fileEncoding = 4; lastKnownFileType = text.xcconfig; path = Shared.xcconfig; sourceTree = "<group>"; };
		955DD32A22C20AB70031AD92 /* SharedTest.xcconfig */ = {isa = PBXFileReference; fileEncoding = 4; lastKnownFileType = text.xcconfig; path = SharedTest.xcconfig; sourceTree = "<group>"; };
		955DD32B22C20AB70031AD92 /* Debug.xcconfig */ = {isa = PBXFileReference; fileEncoding = 4; lastKnownFileType = text.xcconfig; path = Debug.xcconfig; sourceTree = "<group>"; };
		955DD32C22C20AB70031AD92 /* Framework.xcconfig */ = {isa = PBXFileReference; fileEncoding = 4; lastKnownFileType = text.xcconfig; path = Framework.xcconfig; sourceTree = "<group>"; };
		955DD32D22C20AB70031AD92 /* Release.xcconfig */ = {isa = PBXFileReference; fileEncoding = 4; lastKnownFileType = text.xcconfig; path = Release.xcconfig; sourceTree = "<group>"; };
		955DD32E22C20AB70031AD92 /* DebugTest.xcconfig */ = {isa = PBXFileReference; fileEncoding = 4; lastKnownFileType = text.xcconfig; path = DebugTest.xcconfig; sourceTree = "<group>"; };
		955DD32F22C20AB70031AD92 /* Info.plist */ = {isa = PBXFileReference; fileEncoding = 4; lastKnownFileType = text.plist.xml; path = Info.plist; sourceTree = "<group>"; };
		955DD33122C20AB70031AD92 /* URLRequest+Helpers.swift */ = {isa = PBXFileReference; fileEncoding = 4; lastKnownFileType = sourcecode.swift; path = "URLRequest+Helpers.swift"; sourceTree = "<group>"; };
		955DD33222C20AB70031AD92 /* HTTPURLResponse+Helpers.swift */ = {isa = PBXFileReference; fileEncoding = 4; lastKnownFileType = sourcecode.swift; path = "HTTPURLResponse+Helpers.swift"; sourceTree = "<group>"; };
		955DD33322C20AB70031AD92 /* Network.h */ = {isa = PBXFileReference; fileEncoding = 4; lastKnownFileType = sourcecode.c.h; path = Network.h; sourceTree = "<group>"; };
		955DD33522C20AB70031AD92 /* NetworkRequestBehavior.swift */ = {isa = PBXFileReference; fileEncoding = 4; lastKnownFileType = sourcecode.swift; path = NetworkRequestBehavior.swift; sourceTree = "<group>"; };
		955DD33622C20AB70031AD92 /* DebugBehavior.swift */ = {isa = PBXFileReference; fileEncoding = 4; lastKnownFileType = sourcecode.swift; path = DebugBehavior.swift; sourceTree = "<group>"; };
		955DD33922C20AB70031AD92 /* EndpointDescriptor.swift */ = {isa = PBXFileReference; fileEncoding = 4; lastKnownFileType = sourcecode.swift; path = EndpointDescriptor.swift; sourceTree = "<group>"; };
		955DD33B22C20AB70031AD92 /* WWWFormRequestEncoder.swift */ = {isa = PBXFileReference; fileEncoding = 4; lastKnownFileType = sourcecode.swift; path = WWWFormRequestEncoder.swift; sourceTree = "<group>"; };
		955DD33C22C20AB70031AD92 /* JSONRequestEncoder.swift */ = {isa = PBXFileReference; fileEncoding = 4; lastKnownFileType = sourcecode.swift; path = JSONRequestEncoder.swift; sourceTree = "<group>"; };
		955DD33D22C20AB70031AD92 /* JSONResponseDecoder.swift */ = {isa = PBXFileReference; fileEncoding = 4; lastKnownFileType = sourcecode.swift; path = JSONResponseDecoder.swift; sourceTree = "<group>"; };
		955DD33E22C20AB70031AD92 /* MultipartData.swift */ = {isa = PBXFileReference; fileEncoding = 4; lastKnownFileType = sourcecode.swift; path = MultipartData.swift; sourceTree = "<group>"; };
		955DD33F22C20AB70031AD92 /* MultipartFormEncoder.swift */ = {isa = PBXFileReference; fileEncoding = 4; lastKnownFileType = sourcecode.swift; path = MultipartFormEncoder.swift; sourceTree = "<group>"; };
		955DD34022C20AB70031AD92 /* NetworkRequestEncoding.swift */ = {isa = PBXFileReference; fileEncoding = 4; lastKnownFileType = sourcecode.swift; path = NetworkRequestEncoding.swift; sourceTree = "<group>"; };
		955DD34122C20AB70031AD92 /* NetworkResponseDecoding.swift */ = {isa = PBXFileReference; fileEncoding = 4; lastKnownFileType = sourcecode.swift; path = NetworkResponseDecoding.swift; sourceTree = "<group>"; };
		955DD34222C20AB70031AD92 /* CodingError.swift */ = {isa = PBXFileReference; fileEncoding = 4; lastKnownFileType = sourcecode.swift; path = CodingError.swift; sourceTree = "<group>"; };
		955DD34322C20AB70031AD92 /* NetworkClientImpl.swift */ = {isa = PBXFileReference; fileEncoding = 4; lastKnownFileType = sourcecode.swift; path = NetworkClientImpl.swift; sourceTree = "<group>"; };
		955DD34522C20AB70031AD92 /* DefaultAuthorizationProvider.swift */ = {isa = PBXFileReference; fileEncoding = 4; lastKnownFileType = sourcecode.swift; path = DefaultAuthorizationProvider.swift; sourceTree = "<group>"; };
		955DD34622C20AB70031AD92 /* AuthorizationProvider.swift */ = {isa = PBXFileReference; fileEncoding = 4; lastKnownFileType = sourcecode.swift; path = AuthorizationProvider.swift; sourceTree = "<group>"; };
		955DD34722C20AB70031AD92 /* NetworkError.swift */ = {isa = PBXFileReference; fileEncoding = 4; lastKnownFileType = sourcecode.swift; path = NetworkError.swift; sourceTree = "<group>"; };
		955DD34C22C20AB70031AD92 /* HTTPStatusCodes+Extensions.swift */ = {isa = PBXFileReference; fileEncoding = 4; lastKnownFileType = sourcecode.swift; path = "HTTPStatusCodes+Extensions.swift"; sourceTree = "<group>"; };
		955DD34D22C20AB70031AD92 /* LICENSE */ = {isa = PBXFileReference; fileEncoding = 4; lastKnownFileType = text; path = LICENSE; sourceTree = "<group>"; };
		955DD34E22C20AB70031AD92 /* HTTPStatusCodes.swift */ = {isa = PBXFileReference; fileEncoding = 4; lastKnownFileType = sourcecode.swift; path = HTTPStatusCodes.swift; sourceTree = "<group>"; };
		957FE6F322C2140400A11BC2 /* NetworkLoger.swift */ = {isa = PBXFileReference; lastKnownFileType = sourcecode.swift; path = NetworkLoger.swift; sourceTree = "<group>"; };
		957FE6F722C214CA00A11BC2 /* Info.plist */ = {isa = PBXFileReference; fileEncoding = 4; lastKnownFileType = text.plist.xml; path = Info.plist; sourceTree = "<group>"; };
		957FE6FE22C214CA00A11BC2 /* NetworkTests.swift */ = {isa = PBXFileReference; fileEncoding = 4; lastKnownFileType = sourcecode.swift; path = NetworkTests.swift; sourceTree = "<group>"; };
		95A7656122D5D1A6008658AA /* ConstantsKeys.swift */ = {isa = PBXFileReference; lastKnownFileType = sourcecode.swift; path = ConstantsKeys.swift; sourceTree = "<group>"; };
		95FE75FE2379AE5A00F506E3 /* BackgroundSessionDelegateProvider.swift */ = {isa = PBXFileReference; lastKnownFileType = sourcecode.swift; path = BackgroundSessionDelegateProvider.swift; sourceTree = "<group>"; };
		E0FD11DD21477A5F008C2EF8 /* NetworkFramework.framework */ = {isa = PBXFileReference; explicitFileType = wrapper.framework; includeInIndex = 0; path = NetworkFramework.framework; sourceTree = BUILT_PRODUCTS_DIR; };
		E0FD11E621477A5F008C2EF8 /* NetworkTests.xctest */ = {isa = PBXFileReference; explicitFileType = wrapper.cfbundle; includeInIndex = 0; path = NetworkTests.xctest; sourceTree = BUILT_PRODUCTS_DIR; };
/* End PBXFileReference section */

/* Begin PBXFrameworksBuildPhase section */
		E0FD11DA21477A5F008C2EF8 /* Frameworks */ = {
			isa = PBXFrameworksBuildPhase;
			buildActionMask = 2147483647;
			files = (
			);
			runOnlyForDeploymentPostprocessing = 0;
		};
		E0FD11E321477A5F008C2EF8 /* Frameworks */ = {
			isa = PBXFrameworksBuildPhase;
			buildActionMask = 2147483647;
			files = (
				E0FD11E721477A5F008C2EF8 /* NetworkFramework.framework in Frameworks */,
			);
			runOnlyForDeploymentPostprocessing = 0;
		};
/* End PBXFrameworksBuildPhase section */

/* Begin PBXGroup section */
		955DD32422C20AB70031AD92 /* Network */ = {
			isa = PBXGroup;
			children = (
				955DD34322C20AB70031AD92 /* NetworkClientImpl.swift */,
				955DD32522C20AB70031AD92 /* NetworkClient.swift */,
				955DD34722C20AB70031AD92 /* NetworkError.swift */,
				95A7656122D5D1A6008658AA /* ConstantsKeys.swift */,
				955DD33322C20AB70031AD92 /* Network.h */,
				95FE75FD2379AE4000F506E3 /* SessionDelegate */,
				955DD32622C20AB70031AD92 /* Configurations */,
				955DD33022C20AB70031AD92 /* Extensions */,
				955DD33422C20AB70031AD92 /* Behaviors */,
				955DD33822C20AB70031AD92 /* Endpoint */,
				955DD33A22C20AB70031AD92 /* Coding */,
				955DD34422C20AB70031AD92 /* Authorization */,
				955DD34A22C20AB70031AD92 /* Thirdparty */,
			);
			path = Network;
			sourceTree = "<group>";
		};
		955DD32622C20AB70031AD92 /* Configurations */ = {
			isa = PBXGroup;
			children = (
				955DD32722C20AB70031AD92 /* Builds */,
				955DD32F22C20AB70031AD92 /* Info.plist */,
			);
			path = Configurations;
			sourceTree = "<group>";
		};
		955DD32722C20AB70031AD92 /* Builds */ = {
			isa = PBXGroup;
			children = (
				955DD32822C20AB70031AD92 /* ReleaseTest.xcconfig */,
				955DD32922C20AB70031AD92 /* Shared.xcconfig */,
				955DD32A22C20AB70031AD92 /* SharedTest.xcconfig */,
				955DD32B22C20AB70031AD92 /* Debug.xcconfig */,
				955DD32C22C20AB70031AD92 /* Framework.xcconfig */,
				955DD32D22C20AB70031AD92 /* Release.xcconfig */,
				955DD32E22C20AB70031AD92 /* DebugTest.xcconfig */,
			);
			path = Builds;
			sourceTree = "<group>";
		};
		955DD33022C20AB70031AD92 /* Extensions */ = {
			isa = PBXGroup;
			children = (
				955DD33122C20AB70031AD92 /* URLRequest+Helpers.swift */,
				955DD33222C20AB70031AD92 /* HTTPURLResponse+Helpers.swift */,
			);
			path = Extensions;
			sourceTree = "<group>";
		};
		955DD33422C20AB70031AD92 /* Behaviors */ = {
			isa = PBXGroup;
			children = (
				955DD33522C20AB70031AD92 /* NetworkRequestBehavior.swift */,
				955DD33622C20AB70031AD92 /* DebugBehavior.swift */,
				957FE6F322C2140400A11BC2 /* NetworkLoger.swift */,
				952ACB8323E9CA8400D52AC9 /* OSLogDebugBehavior.swift */,
			);
			path = Behaviors;
			sourceTree = "<group>";
		};
		955DD33822C20AB70031AD92 /* Endpoint */ = {
			isa = PBXGroup;
			children = (
				955DD33922C20AB70031AD92 /* EndpointDescriptor.swift */,
			);
			path = Endpoint;
			sourceTree = "<group>";
		};
		955DD33A22C20AB70031AD92 /* Coding */ = {
			isa = PBXGroup;
			children = (
				955DD33B22C20AB70031AD92 /* WWWFormRequestEncoder.swift */,
				955DD33C22C20AB70031AD92 /* JSONRequestEncoder.swift */,
				955DD33D22C20AB70031AD92 /* JSONResponseDecoder.swift */,
				955DD33E22C20AB70031AD92 /* MultipartData.swift */,
				955DD33F22C20AB70031AD92 /* MultipartFormEncoder.swift */,
				955DD34022C20AB70031AD92 /* NetworkRequestEncoding.swift */,
				955DD34122C20AB70031AD92 /* NetworkResponseDecoding.swift */,
				955DD34222C20AB70031AD92 /* CodingError.swift */,
			);
			path = Coding;
			sourceTree = "<group>";
		};
		955DD34422C20AB70031AD92 /* Authorization */ = {
			isa = PBXGroup;
			children = (
				955DD34522C20AB70031AD92 /* DefaultAuthorizationProvider.swift */,
				955DD34622C20AB70031AD92 /* AuthorizationProvider.swift */,
			);
			path = Authorization;
			sourceTree = "<group>";
		};
		955DD34A22C20AB70031AD92 /* Thirdparty */ = {
			isa = PBXGroup;
			children = (
				955DD34B22C20AB70031AD92 /* HTTPStatusCodes */,
			);
			path = Thirdparty;
			sourceTree = "<group>";
		};
		955DD34B22C20AB70031AD92 /* HTTPStatusCodes */ = {
			isa = PBXGroup;
			children = (
				955DD34C22C20AB70031AD92 /* HTTPStatusCodes+Extensions.swift */,
				955DD34D22C20AB70031AD92 /* LICENSE */,
				955DD34E22C20AB70031AD92 /* HTTPStatusCodes.swift */,
			);
			path = HTTPStatusCodes;
			sourceTree = "<group>";
		};
		957FE6F522C214CA00A11BC2 /* NetworkTests */ = {
			isa = PBXGroup;
			children = (
				957FE6FE22C214CA00A11BC2 /* NetworkTests.swift */,
				957FE6F622C214CA00A11BC2 /* Configurations */,
			);
			path = NetworkTests;
			sourceTree = "<group>";
		};
		957FE6F622C214CA00A11BC2 /* Configurations */ = {
			isa = PBXGroup;
			children = (
				957FE6F722C214CA00A11BC2 /* Info.plist */,
			);
			path = Configurations;
			sourceTree = "<group>";
		};
		95FE75FD2379AE4000F506E3 /* SessionDelegate */ = {
			isa = PBXGroup;
			children = (
				95FE75FE2379AE5A00F506E3 /* BackgroundSessionDelegateProvider.swift */,
			);
			path = SessionDelegate;
			sourceTree = "<group>";
		};
		E0C82F27214789D8009EA559 /* Frameworks */ = {
			isa = PBXGroup;
			children = (
			);
			name = Frameworks;
			sourceTree = "<group>";
		};
		E0FD11D321477A5F008C2EF8 = {
			isa = PBXGroup;
			children = (
				957FE6F522C214CA00A11BC2 /* NetworkTests */,
				955DD32422C20AB70031AD92 /* Network */,
				E0FD11DE21477A5F008C2EF8 /* Products */,
				E0C82F27214789D8009EA559 /* Frameworks */,
			);
			sourceTree = "<group>";
		};
		E0FD11DE21477A5F008C2EF8 /* Products */ = {
			isa = PBXGroup;
			children = (
				E0FD11DD21477A5F008C2EF8 /* NetworkFramework.framework */,
				E0FD11E621477A5F008C2EF8 /* NetworkTests.xctest */,
			);
			name = Products;
			sourceTree = "<group>";
		};
/* End PBXGroup section */

/* Begin PBXHeadersBuildPhase section */
		E0FD11D821477A5F008C2EF8 /* Headers */ = {
			isa = PBXHeadersBuildPhase;
			buildActionMask = 2147483647;
			files = (
				955DD36F22C20BDA0031AD92 /* Network.h in Headers */,
			);
			runOnlyForDeploymentPostprocessing = 0;
		};
/* End PBXHeadersBuildPhase section */

/* Begin PBXNativeTarget section */
		E0FD11DC21477A5F008C2EF8 /* NetworkFramework */ = {
			isa = PBXNativeTarget;
			buildConfigurationList = E0FD11F121477A5F008C2EF8 /* Build configuration list for PBXNativeTarget "NetworkFramework" */;
			buildPhases = (
				E0FD11D821477A5F008C2EF8 /* Headers */,
				E0FD11D921477A5F008C2EF8 /* Sources */,
				E0FD11DA21477A5F008C2EF8 /* Frameworks */,
				E0FD11DB21477A5F008C2EF8 /* Resources */,
			);
			buildRules = (
			);
			dependencies = (
			);
			name = NetworkFramework;
			productName = Core;
			productReference = E0FD11DD21477A5F008C2EF8 /* NetworkFramework.framework */;
			productType = "com.apple.product-type.framework";
		};
		E0FD11E521477A5F008C2EF8 /* NetworkTests */ = {
			isa = PBXNativeTarget;
			buildConfigurationList = E0FD11F421477A5F008C2EF8 /* Build configuration list for PBXNativeTarget "NetworkTests" */;
			buildPhases = (
				E0FD11E221477A5F008C2EF8 /* Sources */,
				E0FD11E321477A5F008C2EF8 /* Frameworks */,
				E0FD11E421477A5F008C2EF8 /* Resources */,
			);
			buildRules = (
			);
			dependencies = (
				E0FD11E921477A5F008C2EF8 /* PBXTargetDependency */,
			);
			name = NetworkTests;
			productName = CoreTests;
			productReference = E0FD11E621477A5F008C2EF8 /* NetworkTests.xctest */;
			productType = "com.apple.product-type.bundle.unit-test";
		};
/* End PBXNativeTarget section */

/* Begin PBXProject section */
		E0FD11D421477A5F008C2EF8 /* Project object */ = {
			isa = PBXProject;
			attributes = {
				LastSwiftUpdateCheck = 1000;
				LastUpgradeCheck = 1010;
				ORGANIZATIONNAME = "serge.maslyakov@gmail.com";
				TargetAttributes = {
					E0FD11DC21477A5F008C2EF8 = {
						CreatedOnToolsVersion = 10.0;
						LastSwiftMigration = 1000;
					};
					E0FD11E521477A5F008C2EF8 = {
						CreatedOnToolsVersion = 10.0;
						LastSwiftMigration = 1000;
					};
				};
			};
			buildConfigurationList = E0FD11D721477A5F008C2EF8 /* Build configuration list for PBXProject "Network" */;
			compatibilityVersion = "Xcode 10.0";
			developmentRegion = en;
			hasScannedForEncodings = 0;
			knownRegions = (
				en,
				Base,
			);
			mainGroup = E0FD11D321477A5F008C2EF8;
			productRefGroup = E0FD11DE21477A5F008C2EF8 /* Products */;
			projectDirPath = "";
			projectRoot = "";
			targets = (
				E0FD11DC21477A5F008C2EF8 /* NetworkFramework */,
				E0FD11E521477A5F008C2EF8 /* NetworkTests */,
			);
		};
/* End PBXProject section */

/* Begin PBXResourcesBuildPhase section */
		E0FD11DB21477A5F008C2EF8 /* Resources */ = {
			isa = PBXResourcesBuildPhase;
			buildActionMask = 2147483647;
			files = (
			);
			runOnlyForDeploymentPostprocessing = 0;
		};
		E0FD11E421477A5F008C2EF8 /* Resources */ = {
			isa = PBXResourcesBuildPhase;
			buildActionMask = 2147483647;
			files = (
			);
			runOnlyForDeploymentPostprocessing = 0;
		};
/* End PBXResourcesBuildPhase section */

/* Begin PBXSourcesBuildPhase section */
		E0FD11D921477A5F008C2EF8 /* Sources */ = {
			isa = PBXSourcesBuildPhase;
			buildActionMask = 2147483647;
			files = (
				955DD36922C20AB70031AD92 /* AuthorizationProvider.swift in Sources */,
				955DD35F22C20AB70031AD92 /* WWWFormRequestEncoder.swift in Sources */,
				955DD36122C20AB70031AD92 /* JSONResponseDecoder.swift in Sources */,
				957FE6F422C2140400A11BC2 /* NetworkLoger.swift in Sources */,
				955DD35922C20AB70031AD92 /* HTTPURLResponse+Helpers.swift in Sources */,
				95A7656222D5D1A6008658AA /* ConstantsKeys.swift in Sources */,
				952ACB8423E9CA8400D52AC9 /* OSLogDebugBehavior.swift in Sources */,
				955DD36522C20AB70031AD92 /* NetworkResponseDecoding.swift in Sources */,
				955DD36022C20AB70031AD92 /* JSONRequestEncoder.swift in Sources */,
				955DD36E22C20AB70031AD92 /* HTTPStatusCodes.swift in Sources */,
				955DD35E22C20AB70031AD92 /* EndpointDescriptor.swift in Sources */,
				955DD36622C20AB70031AD92 /* CodingError.swift in Sources */,
				955DD35C22C20AB70031AD92 /* DebugBehavior.swift in Sources */,
				955DD34F22C20AB70031AD92 /* NetworkClient.swift in Sources */,
				955DD35B22C20AB70031AD92 /* NetworkRequestBehavior.swift in Sources */,
				955DD36222C20AB70031AD92 /* MultipartData.swift in Sources */,
				955DD35822C20AB70031AD92 /* URLRequest+Helpers.swift in Sources */,
				955DD36722C20AB70031AD92 /* NetworkClientImpl.swift in Sources */,
				955DD36C22C20AB70031AD92 /* HTTPStatusCodes+Extensions.swift in Sources */,
				95FE75FF2379AE5A00F506E3 /* BackgroundSessionDelegateProvider.swift in Sources */,
				955DD36822C20AB70031AD92 /* DefaultAuthorizationProvider.swift in Sources */,
				955DD36422C20AB70031AD92 /* NetworkRequestEncoding.swift in Sources */,
				955DD36322C20AB70031AD92 /* MultipartFormEncoder.swift in Sources */,
				955DD36A22C20AB70031AD92 /* NetworkError.swift in Sources */,
			);
			runOnlyForDeploymentPostprocessing = 0;
		};
		E0FD11E221477A5F008C2EF8 /* Sources */ = {
			isa = PBXSourcesBuildPhase;
			buildActionMask = 2147483647;
			files = (
				957FE70322C214CA00A11BC2 /* NetworkTests.swift in Sources */,
			);
			runOnlyForDeploymentPostprocessing = 0;
		};
/* End PBXSourcesBuildPhase section */

/* Begin PBXTargetDependency section */
		E0FD11E921477A5F008C2EF8 /* PBXTargetDependency */ = {
			isa = PBXTargetDependency;
			target = E0FD11DC21477A5F008C2EF8 /* NetworkFramework */;
			targetProxy = E0FD11E821477A5F008C2EF8 /* PBXContainerItemProxy */;
		};
/* End PBXTargetDependency section */

/* Begin XCBuildConfiguration section */
		E01BC7172148D93A004BB3A4 /* Release */ = {
			isa = XCBuildConfiguration;
			baseConfigurationReference = 955DD32C22C20AB70031AD92 /* Framework.xcconfig */;
			buildSettings = {
				CURRENT_PROJECT_VERSION = 1;
				DEBUG_INFORMATION_FORMAT = "dwarf-with-dsym";
				IPHONEOS_DEPLOYMENT_TARGET = 11.0;
				MTL_ENABLE_DEBUG_INFO = NO;
				MTL_FAST_MATH = YES;
				SWIFT_COMPILATION_MODE = wholemodule;
				SWIFT_OPTIMIZATION_LEVEL = "-O";
				VALIDATE_PRODUCT = YES;
			};
			name = Release;
		};
		E01BC7182148D93A004BB3A4 /* Release */ = {
			isa = XCBuildConfiguration;
			baseConfigurationReference = 955DD32D22C20AB70031AD92 /* Release.xcconfig */;
			buildSettings = {
				APPLICATION_EXTENSION_API_ONLY = "$(inherited)";
				CLANG_ENABLE_MODULES = YES;
				CODE_SIGN_IDENTITY = "";
				DEFINES_MODULE = YES;
				FRAMEWORK_SEARCH_PATHS = "$(inherited)";
				INFOPLIST_FILE = Network/Configurations/Info.plist;
				LD_RUNPATH_SEARCH_PATHS = (
					"$(inherited)",
					"@executable_path/Frameworks",
					"@loader_path/Frameworks",
				);
				PRODUCT_BUNDLE_IDENTIFIER = ru.network.ios;
				SWIFT_VERSION = 5.0;
			};
			name = Release;
		};
		E01BC7192148D93A004BB3A4 /* Release */ = {
			isa = XCBuildConfiguration;
			baseConfigurationReference = 955DD32822C20AB70031AD92 /* ReleaseTest.xcconfig */;
			buildSettings = {
				ALWAYS_EMBED_SWIFT_STANDARD_LIBRARIES = YES;
				CLANG_LINK_OBJC_RUNTIME = YES;
				CODE_SIGN_IDENTITY = "";
				CODE_SIGN_STYLE = Automatic;
				DEVELOPMENT_TEAM = "";
				ENABLE_NS_ASSERTIONS = YES;
				INFOPLIST_FILE = NetworkTests/Configurations/Info.plist;
				PROVISIONING_PROFILE_SPECIFIER = "";
			};
			name = Release;
		};
		E0FD11EF21477A5F008C2EF8 /* Debug */ = {
			isa = XCBuildConfiguration;
			baseConfigurationReference = 955DD32C22C20AB70031AD92 /* Framework.xcconfig */;
			buildSettings = {
				CURRENT_PROJECT_VERSION = 1;
				DEBUG_INFORMATION_FORMAT = dwarf;
				ENABLE_TESTABILITY = YES;
				GCC_OPTIMIZATION_LEVEL = 0;
				GCC_PREPROCESSOR_DEFINITIONS = (
					"DEBUG=1",
					"$(inherited)",
				);
				IPHONEOS_DEPLOYMENT_TARGET = 11.0;
				MTL_ENABLE_DEBUG_INFO = INCLUDE_SOURCE;
				MTL_FAST_MATH = YES;
				ONLY_ACTIVE_ARCH = YES;
				SWIFT_ACTIVE_COMPILATION_CONDITIONS = DEBUG;
				SWIFT_OPTIMIZATION_LEVEL = "-Onone";
			};
			name = Debug;
		};
		E0FD11F221477A5F008C2EF8 /* Debug */ = {
			isa = XCBuildConfiguration;
			baseConfigurationReference = 955DD32B22C20AB70031AD92 /* Debug.xcconfig */;
			buildSettings = {
				APPLICATION_EXTENSION_API_ONLY = "$(inherited)";
				CLANG_ENABLE_MODULES = YES;
				CODE_SIGN_IDENTITY = "";
				DEFINES_MODULE = YES;
				FRAMEWORK_SEARCH_PATHS = "$(inherited)";
				INFOPLIST_FILE = Network/Configurations/Info.plist;
				LD_RUNPATH_SEARCH_PATHS = (
					"$(inherited)",
					"@executable_path/Frameworks",
					"@loader_path/Frameworks",
				);
				PRODUCT_BUNDLE_IDENTIFIER = ru.network.ios;
				SWIFT_OPTIMIZATION_LEVEL = "-Onone";
				SWIFT_VERSION = 5.0;
			};
			name = Debug;
		};
		E0FD11F521477A5F008C2EF8 /* Debug */ = {
			isa = XCBuildConfiguration;
			baseConfigurationReference = 955DD32E22C20AB70031AD92 /* DebugTest.xcconfig */;
			buildSettings = {
				ALWAYS_EMBED_SWIFT_STANDARD_LIBRARIES = YES;
				CLANG_LINK_OBJC_RUNTIME = YES;
				CODE_SIGN_IDENTITY = "";
				CODE_SIGN_STYLE = Automatic;
				DEVELOPMENT_TEAM = "";
				ENABLE_NS_ASSERTIONS = YES;
				INFOPLIST_FILE = NetworkTests/Configurations/Info.plist;
				PROVISIONING_PROFILE_SPECIFIER = "";
			};
			name = Debug;
		};
/* End XCBuildConfiguration section */

/* Begin XCConfigurationList section */
		E0FD11D721477A5F008C2EF8 /* Build configuration list for PBXProject "Network" */ = {
			isa = XCConfigurationList;
			buildConfigurations = (
				E0FD11EF21477A5F008C2EF8 /* Debug */,
				E01BC7172148D93A004BB3A4 /* Release */,
			);
			defaultConfigurationIsVisible = 0;
			defaultConfigurationName = Release;
		};
		E0FD11F121477A5F008C2EF8 /* Build configuration list for PBXNativeTarget "NetworkFramework" */ = {
			isa = XCConfigurationList;
			buildConfigurations = (
				E0FD11F221477A5F008C2EF8 /* Debug */,
				E01BC7182148D93A004BB3A4 /* Release */,
			);
			defaultConfigurationIsVisible = 0;
			defaultConfigurationName = Release;
		};
		E0FD11F421477A5F008C2EF8 /* Build configuration list for PBXNativeTarget "NetworkTests" */ = {
			isa = XCConfigurationList;
			buildConfigurations = (
				E0FD11F521477A5F008C2EF8 /* Debug */,
				E01BC7192148D93A004BB3A4 /* Release */,
			);
			defaultConfigurationIsVisible = 0;
			defaultConfigurationName = Release;
		};
/* End XCConfigurationList section */
	};
	rootObject = E0FD11D421477A5F008C2EF8 /* Project object */;
}
